
Microsoft Visual Studio Solution File, Format Version 12.00
# Visual Studio Version 16
VisualStudioVersion = 16.0.32126.315
MinimumVisualStudioVersion = 10.0.40219.1
Project("{FAE04EC0-301F-11D3-BF4B-00C04F79EFBC}") = "BookCard", "BookCard\BookCard.csproj", "{BFC7C5A9-CB20-41C3-B0D0-E7FC2A835643}"
EndProject
Global
	GlobalSection(SolutionConfigurationPlatforms) = preSolution
		Debug|Any CPU = Debug|Any CPU
		Release|Any CPU = Release|Any CPU
	EndGlobalSection
	GlobalSection(ProjectConfigurationPlatforms) = postSolution
		{BFC7C5A9-CB20-41C3-B0D0-E7FC2A835643}.Debug|Any CPU.ActiveCfg = Debug|Any CPU
		{BFC7C5A9-CB20-41C3-B0D0-E7FC2A835643}.Debug|Any CPU.Build.0 = Debug|Any CPU
		{BFC7C5A9-CB20-41C3-B0D0-E7FC2A835643}.Release|Any CPU.ActiveCfg = Release|Any CPU
		{BFC7C5A9-CB20-41C3-B0D0-E7FC2A835643}.Release|Any CPU.Build.0 = Release|Any CPU
	EndGlobalSection
	GlobalSection(SolutionProperties) = preSolution
		HideSolutionNode = FALSE
	EndGlobalSection
	GlobalSection(ExtensibilityGlobals) = postSolution
		SolutionGuid = {1720AC8D-FA7C-4B8A-828A-5DFAD70CB363}
	EndGlobalSection
EndGlobal
